// !$*UTF8*$!
{
	archiveVersion = 1;
	classes = {
	};
	objectVersion = 50;
	objects = {

/* Begin PBXBuildFile section */
		5521148F28002E2000C07B93 /* AppDelegate.swift in Sources */ = {isa = PBXBuildFile; fileRef = 5521148E28002E2000C07B93 /* AppDelegate.swift */; };
		5521149128002E2000C07B93 /* SceneDelegate.swift in Sources */ = {isa = PBXBuildFile; fileRef = 5521149028002E2000C07B93 /* SceneDelegate.swift */; };
		5521149328002E2000C07B93 /* ViewController.swift in Sources */ = {isa = PBXBuildFile; fileRef = 5521149228002E2000C07B93 /* ViewController.swift */; };
		5521149628002E2000C07B93 /* Main.storyboard in Resources */ = {isa = PBXBuildFile; fileRef = 5521149428002E2000C07B93 /* Main.storyboard */; };
		5521149828002E2100C07B93 /* Assets.xcassets in Resources */ = {isa = PBXBuildFile; fileRef = 5521149728002E2100C07B93 /* Assets.xcassets */; };
		5521149B28002E2100C07B93 /* LaunchScreen.storyboard in Resources */ = {isa = PBXBuildFile; fileRef = 5521149928002E2100C07B93 /* LaunchScreen.storyboard */; };
		552114A628002E2100C07B93 /* PassDateTests.swift in Sources */ = {isa = PBXBuildFile; fileRef = 552114A528002E2100C07B93 /* PassDateTests.swift */; };
		552114B128002E2100C07B93 /* PassDateUITests.swift in Sources */ = {isa = PBXBuildFile; fileRef = 552114B028002E2100C07B93 /* PassDateUITests.swift */; };
		552114BF28002E5600C07B93 /* SecondViewController.swift in Sources */ = {isa = PBXBuildFile; fileRef = 552114BE28002E5600C07B93 /* SecondViewController.swift */; };
/* End PBXBuildFile section */

/* Begin PBXContainerItemProxy section */
		552114A228002E2100C07B93 /* PBXContainerItemProxy */ = {
			isa = PBXContainerItemProxy;
			containerPortal = 5521148328002E2000C07B93 /* Project object */;
			proxyType = 1;
			remoteGlobalIDString = 5521148A28002E2000C07B93;
			remoteInfo = PassDate;
		};
		552114AD28002E2100C07B93 /* PBXContainerItemProxy */ = {
			isa = PBXContainerItemProxy;
			containerPortal = 5521148328002E2000C07B93 /* Project object */;
			proxyType = 1;
			remoteGlobalIDString = 5521148A28002E2000C07B93;
			remoteInfo = PassDate;
		};
/* End PBXContainerItemProxy section */

/* Begin PBXFileReference section */
		5521148B28002E2000C07B93 /* PassDate.app */ = {isa = PBXFileReference; explicitFileType = wrapper.application; includeInIndex = 0; path = PassDate.app; sourceTree = BUILT_PRODUCTS_DIR; };
		5521148E28002E2000C07B93 /* AppDelegate.swift */ = {isa = PBXFileReference; lastKnownFileType = sourcecode.swift; path = AppDelegate.swift; sourceTree = "<group>"; };
		5521149028002E2000C07B93 /* SceneDelegate.swift */ = {isa = PBXFileReference; lastKnownFileType = sourcecode.swift; path = SceneDelegate.swift; sourceTree = "<group>"; };
		5521149228002E2000C07B93 /* ViewController.swift */ = {isa = PBXFileReference; lastKnownFileType = sourcecode.swift; path = ViewController.swift; sourceTree = "<group>"; };
		5521149528002E2000C07B93 /* Base */ = {isa = PBXFileReference; lastKnownFileType = file.storyboard; name = Base; path = Base.lproj/Main.storyboard; sourceTree = "<group>"; };
		5521149728002E2100C07B93 /* Assets.xcassets */ = {isa = PBXFileReference; lastKnownFileType = folder.assetcatalog; path = Assets.xcassets; sourceTree = "<group>"; };
		5521149A28002E2100C07B93 /* Base */ = {isa = PBXFileReference; lastKnownFileType = file.storyboard; name = Base; path = Base.lproj/LaunchScreen.storyboard; sourceTree = "<group>"; };
		5521149C28002E2100C07B93 /* Info.plist */ = {isa = PBXFileReference; lastKnownFileType = text.plist.xml; path = Info.plist; sourceTree = "<group>"; };
		552114A128002E2100C07B93 /* PassDateTests.xctest */ = {isa = PBXFileReference; explicitFileType = wrapper.cfbundle; includeInIndex = 0; path = PassDateTests.xctest; sourceTree = BUILT_PRODUCTS_DIR; };
		552114A528002E2100C07B93 /* PassDateTests.swift */ = {isa = PBXFileReference; lastKnownFileType = sourcecode.swift; path = PassDateTests.swift; sourceTree = "<group>"; };
		552114A728002E2100C07B93 /* Info.plist */ = {isa = PBXFileReference; lastKnownFileType = text.plist.xml; path = Info.plist; sourceTree = "<group>"; };
		552114AC28002E2100C07B93 /* PassDateUITests.xctest */ = {isa = PBXFileReference; explicitFileType = wrapper.cfbundle; includeInIndex = 0; path = PassDateUITests.xctest; sourceTree = BUILT_PRODUCTS_DIR; };
		552114B028002E2100C07B93 /* PassDateUITests.swift */ = {isa = PBXFileReference; lastKnownFileType = sourcecode.swift; path = PassDateUITests.swift; sourceTree = "<group>"; };
		552114B228002E2100C07B93 /* Info.plist */ = {isa = PBXFileReference; lastKnownFileType = text.plist.xml; path = Info.plist; sourceTree = "<group>"; };
		552114BE28002E5600C07B93 /* SecondViewController.swift */ = {isa = PBXFileReference; lastKnownFileType = sourcecode.swift; path = SecondViewController.swift; sourceTree = "<group>"; };
/* End PBXFileReference section */

/* Begin PBXFrameworksBuildPhase section */
		5521148828002E2000C07B93 /* Frameworks */ = {
			isa = PBXFrameworksBuildPhase;
			buildActionMask = 2147483647;
			files = (
			);
			runOnlyForDeploymentPostprocessing = 0;
		};
		5521149E28002E2100C07B93 /* Frameworks */ = {
			isa = PBXFrameworksBuildPhase;
			buildActionMask = 2147483647;
			files = (
			);
			runOnlyForDeploymentPostprocessing = 0;
		};
		552114A928002E2100C07B93 /* Frameworks */ = {
			isa = PBXFrameworksBuildPhase;
			buildActionMask = 2147483647;
			files = (
			);
			runOnlyForDeploymentPostprocessing = 0;
		};
/* End PBXFrameworksBuildPhase section */

/* Begin PBXGroup section */
		5521148228002E2000C07B93 = {
			isa = PBXGroup;
			children = (
				5521148D28002E2000C07B93 /* PassDate */,
				552114A428002E2100C07B93 /* PassDateTests */,
				552114AF28002E2100C07B93 /* PassDateUITests */,
				5521148C28002E2000C07B93 /* Products */,
			);
			sourceTree = "<group>";
		};
		5521148C28002E2000C07B93 /* Products */ = {
			isa = PBXGroup;
			children = (
				5521148B28002E2000C07B93 /* PassDate.app */,
				552114A128002E2100C07B93 /* PassDateTests.xctest */,
				552114AC28002E2100C07B93 /* PassDateUITests.xctest */,
			);
			name = Products;
			sourceTree = "<group>";
		};
		5521148D28002E2000C07B93 /* PassDate */ = {
			isa = PBXGroup;
			children = (
				5521148E28002E2000C07B93 /* AppDelegate.swift */,
				5521149028002E2000C07B93 /* SceneDelegate.swift */,
				5521149228002E2000C07B93 /* ViewController.swift */,
				5521149428002E2000C07B93 /* Main.storyboard */,
				552114BE28002E5600C07B93 /* SecondViewController.swift */,
				5521149728002E2100C07B93 /* Assets.xcassets */,
				5521149928002E2100C07B93 /* LaunchScreen.storyboard */,
				5521149C28002E2100C07B93 /* Info.plist */,
			);
			path = PassDate;
			sourceTree = "<group>";
		};
		552114A428002E2100C07B93 /* PassDateTests */ = {
			isa = PBXGroup;
			children = (
				552114A528002E2100C07B93 /* PassDateTests.swift */,
				552114A728002E2100C07B93 /* Info.plist */,
			);
			path = PassDateTests;
			sourceTree = "<group>";
		};
		552114AF28002E2100C07B93 /* PassDateUITests */ = {
			isa = PBXGroup;
			children = (
				552114B028002E2100C07B93 /* PassDateUITests.swift */,
				552114B228002E2100C07B93 /* Info.plist */,
			);
			path = PassDateUITests;
			sourceTree = "<group>";
		};
/* End PBXGroup section */

/* Begin PBXNativeTarget section */
		5521148A28002E2000C07B93 /* PassDate */ = {
			isa = PBXNativeTarget;
			buildConfigurationList = 552114B528002E2100C07B93 /* Build configuration list for PBXNativeTarget "PassDate" */;
			buildPhases = (
				5521148728002E2000C07B93 /* Sources */,
				5521148828002E2000C07B93 /* Frameworks */,
				5521148928002E2000C07B93 /* Resources */,
			);
			buildRules = (
			);
			dependencies = (
			);
			name = PassDate;
			productName = PassDate;
			productReference = 5521148B28002E2000C07B93 /* PassDate.app */;
			productType = "com.apple.product-type.application";
		};
		552114A028002E2100C07B93 /* PassDateTests */ = {
			isa = PBXNativeTarget;
			buildConfigurationList = 552114B828002E2100C07B93 /* Build configuration list for PBXNativeTarget "PassDateTests" */;
			buildPhases = (
				5521149D28002E2100C07B93 /* Sources */,
				5521149E28002E2100C07B93 /* Frameworks */,
				5521149F28002E2100C07B93 /* Resources */,
			);
			buildRules = (
			);
			dependencies = (
				552114A328002E2100C07B93 /* PBXTargetDependency */,
			);
			name = PassDateTests;
			productName = PassDateTests;
			productReference = 552114A128002E2100C07B93 /* PassDateTests.xctest */;
			productType = "com.apple.product-type.bundle.unit-test";
		};
		552114AB28002E2100C07B93 /* PassDateUITests */ = {
			isa = PBXNativeTarget;
			buildConfigurationList = 552114BB28002E2100C07B93 /* Build configuration list for PBXNativeTarget "PassDateUITests" */;
			buildPhases = (
				552114A828002E2100C07B93 /* Sources */,
				552114A928002E2100C07B93 /* Frameworks */,
				552114AA28002E2100C07B93 /* Resources */,
			);
			buildRules = (
			);
			dependencies = (
				552114AE28002E2100C07B93 /* PBXTargetDependency */,
			);
			name = PassDateUITests;
			productName = PassDateUITests;
			productReference = 552114AC28002E2100C07B93 /* PassDateUITests.xctest */;
			productType = "com.apple.product-type.bundle.ui-testing";
		};
/* End PBXNativeTarget section */

/* Begin PBXProject section */
		5521148328002E2000C07B93 /* Project object */ = {
			isa = PBXProject;
			attributes = {
				LastSwiftUpdateCheck = 1120;
				LastUpgradeCheck = 1120;
				ORGANIZATIONNAME = "Abhishek Tiwari";
				TargetAttributes = {
					5521148A28002E2000C07B93 = {
						CreatedOnToolsVersion = 11.2.1;
					};
					552114A028002E2100C07B93 = {
						CreatedOnToolsVersion = 11.2.1;
						TestTargetID = 5521148A28002E2000C07B93;
					};
					552114AB28002E2100C07B93 = {
						CreatedOnToolsVersion = 11.2.1;
						TestTargetID = 5521148A28002E2000C07B93;
					};
				};
			};
			buildConfigurationList = 5521148628002E2000C07B93 /* Build configuration list for PBXProject "PassDate" */;
			compatibilityVersion = "Xcode 9.3";
			developmentRegion = en;
			hasScannedForEncodings = 0;
			knownRegions = (
				en,
				Base,
			);
			mainGroup = 5521148228002E2000C07B93;
			productRefGroup = 5521148C28002E2000C07B93 /* Products */;
			projectDirPath = "";
			projectRoot = "";
			targets = (
				5521148A28002E2000C07B93 /* PassDate */,
				552114A028002E2100C07B93 /* PassDateTests */,
				552114AB28002E2100C07B93 /* PassDateUITests */,
			);
		};
/* End PBXProject section */

/* Begin PBXResourcesBuildPhase section */
		5521148928002E2000C07B93 /* Resources */ = {
			isa = PBXResourcesBuildPhase;
			buildActionMask = 2147483647;
			files = (
				5521149B28002E2100C07B93 /* LaunchScreen.storyboard in Resources */,
				5521149828002E2100C07B93 /* Assets.xcassets in Resources */,
				5521149628002E2000C07B93 /* Main.storyboard in Resources */,
			);
			runOnlyForDeploymentPostprocessing = 0;
		};
		5521149F28002E2100C07B93 /* Resources */ = {
			isa = PBXResourcesBuildPhase;
			buildActionMask = 2147483647;
			files = (
			);
			runOnlyForDeploymentPostprocessing = 0;
		};
		552114AA28002E2100C07B93 /* Resources */ = {
			isa = PBXResourcesBuildPhase;
			buildActionMask = 2147483647;
			files = (
			);
			runOnlyForDeploymentPostprocessing = 0;
		};
/* End PBXResourcesBuildPhase section */

/* Begin PBXSourcesBuildPhase section */
		5521148728002E2000C07B93 /* Sources */ = {
			isa = PBXSourcesBuildPhase;
			buildActionMask = 2147483647;
			files = (
				552114BF28002E5600C07B93 /* SecondViewController.swift in Sources */,
				5521149328002E2000C07B93 /* ViewController.swift in Sources */,
				5521148F28002E2000C07B93 /* AppDelegate.swift in Sources */,
				5521149128002E2000C07B93 /* SceneDelegate.swift in Sources */,
			);
			runOnlyForDeploymentPostprocessing = 0;
		};
		5521149D28002E2100C07B93 /* Sources */ = {
			isa = PBXSourcesBuildPhase;
			buildActionMask = 2147483647;
			files = (
				552114A628002E2100C07B93 /* PassDateTests.swift in Sources */,
			);
			runOnlyForDeploymentPostprocessing = 0;
		};
		552114A828002E2100C07B93 /* Sources */ = {
			isa = PBXSourcesBuildPhase;
			buildActionMask = 2147483647;
			files = (
				552114B128002E2100C07B93 /* PassDateUITests.swift in Sources */,
			);
			runOnlyForDeploymentPostprocessing = 0;
		};
/* End PBXSourcesBuildPhase section */

/* Begin PBXTargetDependency section */
		552114A328002E2100C07B93 /* PBXTargetDependency */ = {
			isa = PBXTargetDependency;
			target = 5521148A28002E2000C07B93 /* PassDate */;
			targetProxy = 552114A228002E2100C07B93 /* PBXContainerItemProxy */;
		};
		552114AE28002E2100C07B93 /* PBXTargetDependency */ = {
			isa = PBXTargetDependency;
			target = 5521148A28002E2000C07B93 /* PassDate */;
			targetProxy = 552114AD28002E2100C07B93 /* PBXContainerItemProxy */;
		};
/* End PBXTargetDependency section */

/* Begin PBXVariantGroup section */
		5521149428002E2000C07B93 /* Main.storyboard */ = {
			isa = PBXVariantGroup;
			children = (
				5521149528002E2000C07B93 /* Base */,
			);
			name = Main.storyboard;
			sourceTree = "<group>";
		};
		5521149928002E2100C07B93 /* LaunchScreen.storyboard */ = {
			isa = PBXVariantGroup;
			children = (
				5521149A28002E2100C07B93 /* Base */,
			);
			name = LaunchScreen.storyboard;
			sourceTree = "<group>";
		};
/* End PBXVariantGroup section */

/* Begin XCBuildConfiguration section */
		552114B328002E2100C07B93 /* Debug */ = {
			isa = XCBuildConfiguration;
			buildSettings = {
				ALWAYS_SEARCH_USER_PATHS = NO;
				CLANG_ANALYZER_NONNULL = YES;
				CLANG_ANALYZER_NUMBER_OBJECT_CONVERSION = YES_AGGRESSIVE;
				CLANG_CXX_LANGUAGE_STANDARD = "gnu++14";
				CLANG_CXX_LIBRARY = "libc++";
				CLANG_ENABLE_MODULES = YES;
				CLANG_ENABLE_OBJC_ARC = YES;
				CLANG_ENABLE_OBJC_WEAK = YES;
				CLANG_WARN_BLOCK_CAPTURE_AUTORELEASING = YES;
				CLANG_WARN_BOOL_CONVERSION = YES;
				CLANG_WARN_COMMA = YES;
				CLANG_WARN_CONSTANT_CONVERSION = YES;
				CLANG_WARN_DEPRECATED_OBJC_IMPLEMENTATIONS = YES;
				CLANG_WARN_DIRECT_OBJC_ISA_USAGE = YES_ERROR;
				CLANG_WARN_DOCUMENTATION_COMMENTS = YES;
				CLANG_WARN_EMPTY_BODY = YES;
				CLANG_WARN_ENUM_CONVERSION = YES;
				CLANG_WARN_INFINITE_RECURSION = YES;
				CLANG_WARN_INT_CONVERSION = YES;
				CLANG_WARN_NON_LITERAL_NULL_CONVERSION = YES;
				CLANG_WARN_OBJC_IMPLICIT_RETAIN_SELF = YES;
				CLANG_WARN_OBJC_LITERAL_CONVERSION = YES;
				CLANG_WARN_OBJC_ROOT_CLASS = YES_ERROR;
				CLANG_WARN_RANGE_LOOP_ANALYSIS = YES;
				CLANG_WARN_STRICT_PROTOTYPES = YES;
				CLANG_WARN_SUSPICIOUS_MOVE = YES;
				CLANG_WARN_UNGUARDED_AVAILABILITY = YES_AGGRESSIVE;
				CLANG_WARN_UNREACHABLE_CODE = YES;
				CLANG_WARN__DUPLICATE_METHOD_MATCH = YES;
				COPY_PHASE_STRIP = NO;
				DEBUG_INFORMATION_FORMAT = dwarf;
				ENABLE_STRICT_OBJC_MSGSEND = YES;
				ENABLE_TESTABILITY = YES;
				GCC_C_LANGUAGE_STANDARD = gnu11;
				GCC_DYNAMIC_NO_PIC = NO;
				GCC_NO_COMMON_BLOCKS = YES;
				GCC_OPTIMIZATION_LEVEL = 0;
				GCC_PREPROCESSOR_DEFINITIONS = (
					"DEBUG=1",
					"$(inherited)",
				);
				GCC_WARN_64_TO_32_BIT_CONVERSION = YES;
				GCC_WARN_ABOUT_RETURN_TYPE = YES_ERROR;
				GCC_WARN_UNDECLARED_SELECTOR = YES;
				GCC_WARN_UNINITIALIZED_AUTOS = YES_AGGRESSIVE;
				GCC_WARN_UNUSED_FUNCTION = YES;
				GCC_WARN_UNUSED_VARIABLE = YES;
				IPHONEOS_DEPLOYMENT_TARGET = 13.2;
				MTL_ENABLE_DEBUG_INFO = INCLUDE_SOURCE;
				MTL_FAST_MATH = YES;
				ONLY_ACTIVE_ARCH = YES;
				SDKROOT = iphoneos;
				SWIFT_ACTIVE_COMPILATION_CONDITIONS = DEBUG;
				SWIFT_OPTIMIZATION_LEVEL = "-Onone";
			};
			name = Debug;
		};
		552114B428002E2100C07B93 /* Release */ = {
			isa = XCBuildConfiguration;
			buildSettings = {
				ALWAYS_SEARCH_USER_PATHS = NO;
				CLANG_ANALYZER_NONNULL = YES;
				CLANG_ANALYZER_NUMBER_OBJECT_CONVERSION = YES_AGGRESSIVE;
				CLANG_CXX_LANGUAGE_STANDARD = "gnu++14";
				CLANG_CXX_LIBRARY = "libc++";
				CLANG_ENABLE_MODULES = YES;
				CLANG_ENABLE_OBJC_ARC = YES;
				CLANG_ENABLE_OBJC_WEAK = YES;
				CLANG_WARN_BLOCK_CAPTURE_AUTORELEASING = YES;
				CLANG_WARN_BOOL_CONVERSION = YES;
				CLANG_WARN_COMMA = YES;
				CLANG_WARN_CONSTANT_CONVERSION = YES;
				CLANG_WARN_DEPRECATED_OBJC_IMPLEMENTATIONS = YES;
				CLANG_WARN_DIRECT_OBJC_ISA_USAGE = YES_ERROR;
				CLANG_WARN_DOCUMENTATION_COMMENTS = YES;
				CLANG_WARN_EMPTY_BODY = YES;
				CLANG_WARN_ENUM_CONVERSION = YES;
				CLANG_WARN_INFINITE_RECURSION = YES;
				CLANG_WARN_INT_CONVERSION = YES;
				CLANG_WARN_NON_LITERAL_NULL_CONVERSION = YES;
				CLANG_WARN_OBJC_IMPLICIT_RETAIN_SELF = YES;
				CLANG_WARN_OBJC_LITERAL_CONVERSION = YES;
				CLANG_WARN_OBJC_ROOT_CLASS = YES_ERROR;
				CLANG_WARN_RANGE_LOOP_ANALYSIS = YES;
				CLANG_WARN_STRICT_PROTOTYPES = YES;
				CLANG_WARN_SUSPICIOUS_MOVE = YES;
				CLANG_WARN_UNGUARDED_AVAILABILITY = YES_AGGRESSIVE;
				CLANG_WARN_UNREACHABLE_CODE = YES;
				CLANG_WARN__DUPLICATE_METHOD_MATCH = YES;
				COPY_PHASE_STRIP = NO;
				DEBUG_INFORMATION_FORMAT = "dwarf-with-dsym";
				ENABLE_NS_ASSERTIONS = NO;
				ENABLE_STRICT_OBJC_MSGSEND = YES;
				GCC_C_LANGUAGE_STANDARD = gnu11;
				GCC_NO_COMMON_BLOCKS = YES;
				GCC_WARN_64_TO_32_BIT_CONVERSION = YES;
				GCC_WARN_ABOUT_RETURN_TYPE = YES_ERROR;
				GCC_WARN_UNDECLARED_SELECTOR = YES;
				GCC_WARN_UNINITIALIZED_AUTOS = YES_AGGRESSIVE;
				GCC_WARN_UNUSED_FUNCTION = YES;
				GCC_WARN_UNUSED_VARIABLE = YES;
				IPHONEOS_DEPLOYMENT_TARGET = 13.2;
				MTL_ENABLE_DEBUG_INFO = NO;
				MTL_FAST_MATH = YES;
				SDKROOT = iphoneos;
				SWIFT_COMPILATION_MODE = wholemodule;
				SWIFT_OPTIMIZATION_LEVEL = "-O";
				VALIDATE_PRODUCT = YES;
			};
			name = Release;
		};
		552114B628002E2100C07B93 /* Debug */ = {
			isa = XCBuildConfiguration;
			buildSettings = {
				ASSETCATALOG_COMPILER_APPICON_NAME = AppIcon;
				CODE_SIGN_STYLE = Automatic;
				DEVELOPMENT_TEAM = F4A52GAS4S;
				INFOPLIST_FILE = PassDate/Info.plist;
				LD_RUNPATH_SEARCH_PATHS = (
					"$(inherited)",
					"@executable_path/Frameworks",
				);
				PRODUCT_BUNDLE_IDENTIFIER = com.abhishek.PassDate;
				PRODUCT_NAME = "$(TARGET_NAME)";
				SWIFT_VERSION = 5.0;
				TARGETED_DEVICE_FAMILY = "1,2";
			};
			name = Debug;
		};
		552114B728002E2100C07B93 /* Release */ = {
			isa = XCBuildConfiguration;
			buildSettings = {
				ASSETCATALOG_COMPILER_APPICON_NAME = AppIcon;
				CODE_SIGN_STYLE = Automatic;
				DEVELOPMENT_TEAM = F4A52GAS4S;
				INFOPLIST_FILE = PassDate/Info.plist;
				LD_RUNPATH_SEARCH_PATHS = (
					"$(inherited)",
					"@executable_path/Frameworks",
				);
				PRODUCT_BUNDLE_IDENTIFIER = com.abhishek.PassDate;
				PRODUCT_NAME = "$(TARGET_NAME)";
				SWIFT_VERSION = 5.0;
				TARGETED_DEVICE_FAMILY = "1,2";
			};
			name = Release;
		};
		552114B928002E2100C07B93 /* Debug */ = {
			isa = XCBuildConfiguration;
			buildSettings = {
				ALWAYS_EMBED_SWIFT_STANDARD_LIBRARIES = YES;
				BUNDLE_LOADER = "$(TEST_HOST)";
				CODE_SIGN_STYLE = Automatic;
				DEVELOPMENT_TEAM = F4A52GAS4S;
				INFOPLIST_FILE = PassDateTests/Info.plist;
				IPHONEOS_DEPLOYMENT_TARGET = 13.2;
				LD_RUNPATH_SEARCH_PATHS = (
					"$(inherited)",
					"@executable_path/Frameworks",
					"@loader_path/Frameworks",
				);
				PRODUCT_BUNDLE_IDENTIFIER = com.abhishek.PassDateTests;
				PRODUCT_NAME = "$(TARGET_NAME)";
				SWIFT_VERSION = 5.0;
				TARGETED_DEVICE_FAMILY = "1,2";
				TEST_HOST = "$(BUILT_PRODUCTS_DIR)/PassDate.app/PassDate";
			};
			name = Debug;
		};
		552114BA28002E2100C07B93 /* Release */ = {
			isa = XCBuildConfiguration;
			buildSettings = {
				ALWAYS_EMBED_SWIFT_STANDARD_LIBRARIES = YES;
				BUNDLE_LOADER = "$(TEST_HOST)";
				CODE_SIGN_STYLE = Automatic;
				DEVELOPMENT_TEAM = F4A52GAS4S;
				INFOPLIST_FILE = PassDateTests/Info.plist;
				IPHONEOS_DEPLOYMENT_TARGET = 13.2;
				LD_RUNPATH_SEARCH_PATHS = (
					"$(inherited)",
					"@executable_path/Frameworks",
					"@loader_path/Frameworks",
				);
				PRODUCT_BUNDLE_IDENTIFIER = com.abhishek.PassDateTests;
				PRODUCT_NAME = "$(TARGET_NAME)";
				SWIFT_VERSION = 5.0;
				TARGETED_DEVICE_FAMILY = "1,2";
				TEST_HOST = "$(BUILT_PRODUCTS_DIR)/PassDate.app/PassDate";
			};
			name = Release;
		};
		552114BC28002E2100C07B93 /* Debug */ = {
			isa = XCBuildConfiguration;
			buildSettings = {
				ALWAYS_EMBED_SWIFT_STANDARD_LIBRARIES = YES;
				CODE_SIGN_STYLE = Automatic;
				DEVELOPMENT_TEAM = F4A52GAS4S;
				INFOPLIST_FILE = PassDateUITests/Info.plist;
				LD_RUNPATH_SEARCH_PATHS = (
					"$(inherited)",
					"@executable_path/Frameworks",
					"@loader_path/Frameworks",
				);
				PRODUCT_BUNDLE_IDENTIFIER = com.abhishek.PassDateUITests;
				PRODUCT_NAME = "$(TARGET_NAME)";
				SWIFT_VERSION = 5.0;
				TARGETED_DEVICE_FAMILY = "1,2";
				TEST_TARGET_NAME = PassDate;
			};
			name = Debug;
		};
		552114BD28002E2100C07B93 /* Release */ = {
			isa = XCBuildConfiguration;
			buildSettings = {
				ALWAYS_EMBED_SWIFT_STANDARD_LIBRARIES = YES;
				CODE_SIGN_STYLE = Automatic;
				DEVELOPMENT_TEAM = F4A52GAS4S;
				INFOPLIST_FILE = PassDateUITests/Info.plist;
				LD_RUNPATH_SEARCH_PATHS = (
					"$(inherited)",
					"@executable_path/Frameworks",
					"@loader_path/Frameworks",
				);
				PRODUCT_BUNDLE_IDENTIFIER = com.abhishek.PassDateUITests;
				PRODUCT_NAME = "$(TARGET_NAME)";
				SWIFT_VERSION = 5.0;
				TARGETED_DEVICE_FAMILY = "1,2";
				TEST_TARGET_NAME = PassDate;
			};
			name = Release;
		};
/* End XCBuildConfiguration section */

/* Begin XCConfigurationList section */
		5521148628002E2000C07B93 /* Build configuration list for PBXProject "PassDate" */ = {
			isa = XCConfigurationList;
			buildConfigurations = (
				552114B328002E2100C07B93 /* Debug */,
				552114B428002E2100C07B93 /* Release */,
			);
			defaultConfigurationIsVisible = 0;
			defaultConfigurationName = Release;
		};
		552114B528002E2100C07B93 /* Build configuration list for PBXNativeTarget "PassDate" */ = {
			isa = XCConfigurationList;
			buildConfigurations = (
				552114B628002E2100C07B93 /* Debug */,
				552114B728002E2100C07B93 /* Release */,
			);
			defaultConfigurationIsVisible = 0;
			defaultConfigurationName = Release;
		};
		552114B828002E2100C07B93 /* Build configuration list for PBXNativeTarget "PassDateTests" */ = {
			isa = XCConfigurationList;
			buildConfigurations = (
				552114B928002E2100C07B93 /* Debug */,
				552114BA28002E2100C07B93 /* Release */,
			);
			defaultConfigurationIsVisible = 0;
			defaultConfigurationName = Release;
		};
		552114BB28002E2100C07B93 /* Build configuration list for PBXNativeTarget "PassDateUITests" */ = {
			isa = XCConfigurationList;
			buildConfigurations = (
				552114BC28002E2100C07B93 /* Debug */,
				552114BD28002E2100C07B93 /* Release */,
			);
			defaultConfigurationIsVisible = 0;
			defaultConfigurationName = Release;
		};
/* End XCConfigurationList section */
	};
	rootObject = 5521148328002E2000C07B93 /* Project object */;
}
