// !$*UTF8*$!
{
	archiveVersion = 1;
	classes = {
	};
	objectVersion = 50;
	objects = {

/* Begin PBXBuildFile section */
		55321CAF2803EDA600631023 /* AppDelegate.swift in Sources */ = {isa = PBXBuildFile; fileRef = 55321CAE2803EDA600631023 /* AppDelegate.swift */; };
		55321CB12803EDA600631023 /* SceneDelegate.swift in Sources */ = {isa = PBXBuildFile; fileRef = 55321CB02803EDA600631023 /* SceneDelegate.swift */; };
		55321CB32803EDA600631023 /* ViewController.swift in Sources */ = {isa = PBXBuildFile; fileRef = 55321CB22803EDA600631023 /* ViewController.swift */; };
		55321CB62803EDA600631023 /* Main.storyboard in Resources */ = {isa = PBXBuildFile; fileRef = 55321CB42803EDA600631023 /* Main.storyboard */; };
		55321CB82803EDA700631023 /* Assets.xcassets in Resources */ = {isa = PBXBuildFile; fileRef = 55321CB72803EDA700631023 /* Assets.xcassets */; };
		55321CBB2803EDA700631023 /* LaunchScreen.storyboard in Resources */ = {isa = PBXBuildFile; fileRef = 55321CB92803EDA700631023 /* LaunchScreen.storyboard */; };
		55321CC62803EDA700631023 /* tableViewTests.swift in Sources */ = {isa = PBXBuildFile; fileRef = 55321CC52803EDA700631023 /* tableViewTests.swift */; };
		55321CD12803EDA700631023 /* tableViewUITests.swift in Sources */ = {isa = PBXBuildFile; fileRef = 55321CD02803EDA700631023 /* tableViewUITests.swift */; };
/* End PBXBuildFile section */

/* Begin PBXContainerItemProxy section */
		55321CC22803EDA700631023 /* PBXContainerItemProxy */ = {
			isa = PBXContainerItemProxy;
			containerPortal = 55321CA32803EDA600631023 /* Project object */;
			proxyType = 1;
			remoteGlobalIDString = 55321CAA2803EDA600631023;
			remoteInfo = tableView;
		};
		55321CCD2803EDA700631023 /* PBXContainerItemProxy */ = {
			isa = PBXContainerItemProxy;
			containerPortal = 55321CA32803EDA600631023 /* Project object */;
			proxyType = 1;
			remoteGlobalIDString = 55321CAA2803EDA600631023;
			remoteInfo = tableView;
		};
/* End PBXContainerItemProxy section */

/* Begin PBXFileReference section */
		55321CAB2803EDA600631023 /* tableView.app */ = {isa = PBXFileReference; explicitFileType = wrapper.application; includeInIndex = 0; path = tableView.app; sourceTree = BUILT_PRODUCTS_DIR; };
		55321CAE2803EDA600631023 /* AppDelegate.swift */ = {isa = PBXFileReference; lastKnownFileType = sourcecode.swift; path = AppDelegate.swift; sourceTree = "<group>"; };
		55321CB02803EDA600631023 /* SceneDelegate.swift */ = {isa = PBXFileReference; lastKnownFileType = sourcecode.swift; path = SceneDelegate.swift; sourceTree = "<group>"; };
		55321CB22803EDA600631023 /* ViewController.swift */ = {isa = PBXFileReference; lastKnownFileType = sourcecode.swift; path = ViewController.swift; sourceTree = "<group>"; };
		55321CB52803EDA600631023 /* Base */ = {isa = PBXFileReference; lastKnownFileType = file.storyboard; name = Base; path = Base.lproj/Main.storyboard; sourceTree = "<group>"; };
		55321CB72803EDA700631023 /* Assets.xcassets */ = {isa = PBXFileReference; lastKnownFileType = folder.assetcatalog; path = Assets.xcassets; sourceTree = "<group>"; };
		55321CBA2803EDA700631023 /* Base */ = {isa = PBXFileReference; lastKnownFileType = file.storyboard; name = Base; path = Base.lproj/LaunchScreen.storyboard; sourceTree = "<group>"; };
		55321CBC2803EDA700631023 /* Info.plist */ = {isa = PBXFileReference; lastKnownFileType = text.plist.xml; path = Info.plist; sourceTree = "<group>"; };
		55321CC12803EDA700631023 /* tableViewTests.xctest */ = {isa = PBXFileReference; explicitFileType = wrapper.cfbundle; includeInIndex = 0; path = tableViewTests.xctest; sourceTree = BUILT_PRODUCTS_DIR; };
		55321CC52803EDA700631023 /* tableViewTests.swift */ = {isa = PBXFileReference; lastKnownFileType = sourcecode.swift; path = tableViewTests.swift; sourceTree = "<group>"; };
		55321CC72803EDA700631023 /* Info.plist */ = {isa = PBXFileReference; lastKnownFileType = text.plist.xml; path = Info.plist; sourceTree = "<group>"; };
		55321CCC2803EDA700631023 /* tableViewUITests.xctest */ = {isa = PBXFileReference; explicitFileType = wrapper.cfbundle; includeInIndex = 0; path = tableViewUITests.xctest; sourceTree = BUILT_PRODUCTS_DIR; };
		55321CD02803EDA700631023 /* tableViewUITests.swift */ = {isa = PBXFileReference; lastKnownFileType = sourcecode.swift; path = tableViewUITests.swift; sourceTree = "<group>"; };
		55321CD22803EDA700631023 /* Info.plist */ = {isa = PBXFileReference; lastKnownFileType = text.plist.xml; path = Info.plist; sourceTree = "<group>"; };
/* End PBXFileReference section */

/* Begin PBXFrameworksBuildPhase section */
		55321CA82803EDA600631023 /* Frameworks */ = {
			isa = PBXFrameworksBuildPhase;
			buildActionMask = 2147483647;
			files = (
			);
			runOnlyForDeploymentPostprocessing = 0;
		};
		55321CBE2803EDA700631023 /* Frameworks */ = {
			isa = PBXFrameworksBuildPhase;
			buildActionMask = 2147483647;
			files = (
			);
			runOnlyForDeploymentPostprocessing = 0;
		};
		55321CC92803EDA700631023 /* Frameworks */ = {
			isa = PBXFrameworksBuildPhase;
			buildActionMask = 2147483647;
			files = (
			);
			runOnlyForDeploymentPostprocessing = 0;
		};
/* End PBXFrameworksBuildPhase section */

/* Begin PBXGroup section */
		55321CA22803EDA600631023 = {
			isa = PBXGroup;
			children = (
				55321CAD2803EDA600631023 /* tableView */,
				55321CC42803EDA700631023 /* tableViewTests */,
				55321CCF2803EDA700631023 /* tableViewUITests */,
				55321CAC2803EDA600631023 /* Products */,
			);
			sourceTree = "<group>";
		};
		55321CAC2803EDA600631023 /* Products */ = {
			isa = PBXGroup;
			children = (
				55321CAB2803EDA600631023 /* tableView.app */,
				55321CC12803EDA700631023 /* tableViewTests.xctest */,
				55321CCC2803EDA700631023 /* tableViewUITests.xctest */,
			);
			name = Products;
			sourceTree = "<group>";
		};
		55321CAD2803EDA600631023 /* tableView */ = {
			isa = PBXGroup;
			children = (
				55321CAE2803EDA600631023 /* AppDelegate.swift */,
				55321CB02803EDA600631023 /* SceneDelegate.swift */,
				55321CB22803EDA600631023 /* ViewController.swift */,
				55321CB42803EDA600631023 /* Main.storyboard */,
				55321CB72803EDA700631023 /* Assets.xcassets */,
				55321CB92803EDA700631023 /* LaunchScreen.storyboard */,
				55321CBC2803EDA700631023 /* Info.plist */,
			);
			path = tableView;
			sourceTree = "<group>";
		};
		55321CC42803EDA700631023 /* tableViewTests */ = {
			isa = PBXGroup;
			children = (
				55321CC52803EDA700631023 /* tableViewTests.swift */,
				55321CC72803EDA700631023 /* Info.plist */,
			);
			path = tableViewTests;
			sourceTree = "<group>";
		};
		55321CCF2803EDA700631023 /* tableViewUITests */ = {
			isa = PBXGroup;
			children = (
				55321CD02803EDA700631023 /* tableViewUITests.swift */,
				55321CD22803EDA700631023 /* Info.plist */,
			);
			path = tableViewUITests;
			sourceTree = "<group>";
		};
/* End PBXGroup section */

/* Begin PBXNativeTarget section */
		55321CAA2803EDA600631023 /* tableView */ = {
			isa = PBXNativeTarget;
			buildConfigurationList = 55321CD52803EDA700631023 /* Build configuration list for PBXNativeTarget "tableView" */;
			buildPhases = (
				55321CA72803EDA600631023 /* Sources */,
				55321CA82803EDA600631023 /* Frameworks */,
				55321CA92803EDA600631023 /* Resources */,
			);
			buildRules = (
			);
			dependencies = (
			);
			name = tableView;
			productName = tableView;
			productReference = 55321CAB2803EDA600631023 /* tableView.app */;
			productType = "com.apple.product-type.application";
		};
		55321CC02803EDA700631023 /* tableViewTests */ = {
			isa = PBXNativeTarget;
			buildConfigurationList = 55321CD82803EDA700631023 /* Build configuration list for PBXNativeTarget "tableViewTests" */;
			buildPhases = (
				55321CBD2803EDA700631023 /* Sources */,
				55321CBE2803EDA700631023 /* Frameworks */,
				55321CBF2803EDA700631023 /* Resources */,
			);
			buildRules = (
			);
			dependencies = (
				55321CC32803EDA700631023 /* PBXTargetDependency */,
			);
			name = tableViewTests;
			productName = tableViewTests;
			productReference = 55321CC12803EDA700631023 /* tableViewTests.xctest */;
			productType = "com.apple.product-type.bundle.unit-test";
		};
		55321CCB2803EDA700631023 /* tableViewUITests */ = {
			isa = PBXNativeTarget;
			buildConfigurationList = 55321CDB2803EDA700631023 /* Build configuration list for PBXNativeTarget "tableViewUITests" */;
			buildPhases = (
				55321CC82803EDA700631023 /* Sources */,
				55321CC92803EDA700631023 /* Frameworks */,
				55321CCA2803EDA700631023 /* Resources */,
			);
			buildRules = (
			);
			dependencies = (
				55321CCE2803EDA700631023 /* PBXTargetDependency */,
			);
			name = tableViewUITests;
			productName = tableViewUITests;
			productReference = 55321CCC2803EDA700631023 /* tableViewUITests.xctest */;
			productType = "com.apple.product-type.bundle.ui-testing";
		};
/* End PBXNativeTarget section */

/* Begin PBXProject section */
		55321CA32803EDA600631023 /* Project object */ = {
			isa = PBXProject;
			attributes = {
				LastSwiftUpdateCheck = 1120;
				LastUpgradeCheck = 1120;
				ORGANIZATIONNAME = "Abhishek Tiwari";
				TargetAttributes = {
					55321CAA2803EDA600631023 = {
						CreatedOnToolsVersion = 11.2.1;
					};
					55321CC02803EDA700631023 = {
						CreatedOnToolsVersion = 11.2.1;
						TestTargetID = 55321CAA2803EDA600631023;
					};
					55321CCB2803EDA700631023 = {
						CreatedOnToolsVersion = 11.2.1;
						TestTargetID = 55321CAA2803EDA600631023;
					};
				};
			};
			buildConfigurationList = 55321CA62803EDA600631023 /* Build configuration list for PBXProject "tableView" */;
			compatibilityVersion = "Xcode 9.3";
			developmentRegion = en;
			hasScannedForEncodings = 0;
			knownRegions = (
				en,
				Base,
			);
			mainGroup = 55321CA22803EDA600631023;
			productRefGroup = 55321CAC2803EDA600631023 /* Products */;
			projectDirPath = "";
			projectRoot = "";
			targets = (
				55321CAA2803EDA600631023 /* tableView */,
				55321CC02803EDA700631023 /* tableViewTests */,
				55321CCB2803EDA700631023 /* tableViewUITests */,
			);
		};
/* End PBXProject section */

/* Begin PBXResourcesBuildPhase section */
		55321CA92803EDA600631023 /* Resources */ = {
			isa = PBXResourcesBuildPhase;
			buildActionMask = 2147483647;
			files = (
				55321CBB2803EDA700631023 /* LaunchScreen.storyboard in Resources */,
				55321CB82803EDA700631023 /* Assets.xcassets in Resources */,
				55321CB62803EDA600631023 /* Main.storyboard in Resources */,
			);
			runOnlyForDeploymentPostprocessing = 0;
		};
		55321CBF2803EDA700631023 /* Resources */ = {
			isa = PBXResourcesBuildPhase;
			buildActionMask = 2147483647;
			files = (
			);
			runOnlyForDeploymentPostprocessing = 0;
		};
		55321CCA2803EDA700631023 /* Resources */ = {
			isa = PBXResourcesBuildPhase;
			buildActionMask = 2147483647;
			files = (
			);
			runOnlyForDeploymentPostprocessing = 0;
		};
/* End PBXResourcesBuildPhase section */

/* Begin PBXSourcesBuildPhase section */
		55321CA72803EDA600631023 /* Sources */ = {
			isa = PBXSourcesBuildPhase;
			buildActionMask = 2147483647;
			files = (
				55321CB32803EDA600631023 /* ViewController.swift in Sources */,
				55321CAF2803EDA600631023 /* AppDelegate.swift in Sources */,
				55321CB12803EDA600631023 /* SceneDelegate.swift in Sources */,
			);
			runOnlyForDeploymentPostprocessing = 0;
		};
		55321CBD2803EDA700631023 /* Sources */ = {
			isa = PBXSourcesBuildPhase;
			buildActionMask = 2147483647;
			files = (
				55321CC62803EDA700631023 /* tableViewTests.swift in Sources */,
			);
			runOnlyForDeploymentPostprocessing = 0;
		};
		55321CC82803EDA700631023 /* Sources */ = {
			isa = PBXSourcesBuildPhase;
			buildActionMask = 2147483647;
			files = (
				55321CD12803EDA700631023 /* tableViewUITests.swift in Sources */,
			);
			runOnlyForDeploymentPostprocessing = 0;
		};
/* End PBXSourcesBuildPhase section */

/* Begin PBXTargetDependency section */
		55321CC32803EDA700631023 /* PBXTargetDependency */ = {
			isa = PBXTargetDependency;
			target = 55321CAA2803EDA600631023 /* tableView */;
			targetProxy = 55321CC22803EDA700631023 /* PBXContainerItemProxy */;
		};
		55321CCE2803EDA700631023 /* PBXTargetDependency */ = {
			isa = PBXTargetDependency;
			target = 55321CAA2803EDA600631023 /* tableView */;
			targetProxy = 55321CCD2803EDA700631023 /* PBXContainerItemProxy */;
		};
/* End PBXTargetDependency section */

/* Begin PBXVariantGroup section */
		55321CB42803EDA600631023 /* Main.storyboard */ = {
			isa = PBXVariantGroup;
			children = (
				55321CB52803EDA600631023 /* Base */,
			);
			name = Main.storyboard;
			sourceTree = "<group>";
		};
		55321CB92803EDA700631023 /* LaunchScreen.storyboard */ = {
			isa = PBXVariantGroup;
			children = (
				55321CBA2803EDA700631023 /* Base */,
			);
			name = LaunchScreen.storyboard;
			sourceTree = "<group>";
		};
/* End PBXVariantGroup section */

/* Begin XCBuildConfiguration section */
		55321CD32803EDA700631023 /* Debug */ = {
			isa = XCBuildConfiguration;
			buildSettings = {
				ALWAYS_SEARCH_USER_PATHS = NO;
				CLANG_ANALYZER_NONNULL = YES;
				CLANG_ANALYZER_NUMBER_OBJECT_CONVERSION = YES_AGGRESSIVE;
				CLANG_CXX_LANGUAGE_STANDARD = "gnu++14";
				CLANG_CXX_LIBRARY = "libc++";
				CLANG_ENABLE_MODULES = YES;
				CLANG_ENABLE_OBJC_ARC = YES;
				CLANG_ENABLE_OBJC_WEAK = YES;
				CLANG_WARN_BLOCK_CAPTURE_AUTORELEASING = YES;
				CLANG_WARN_BOOL_CONVERSION = YES;
				CLANG_WARN_COMMA = YES;
				CLANG_WARN_CONSTANT_CONVERSION = YES;
				CLANG_WARN_DEPRECATED_OBJC_IMPLEMENTATIONS = YES;
				CLANG_WARN_DIRECT_OBJC_ISA_USAGE = YES_ERROR;
				CLANG_WARN_DOCUMENTATION_COMMENTS = YES;
				CLANG_WARN_EMPTY_BODY = YES;
				CLANG_WARN_ENUM_CONVERSION = YES;
				CLANG_WARN_INFINITE_RECURSION = YES;
				CLANG_WARN_INT_CONVERSION = YES;
				CLANG_WARN_NON_LITERAL_NULL_CONVERSION = YES;
				CLANG_WARN_OBJC_IMPLICIT_RETAIN_SELF = YES;
				CLANG_WARN_OBJC_LITERAL_CONVERSION = YES;
				CLANG_WARN_OBJC_ROOT_CLASS = YES_ERROR;
				CLANG_WARN_RANGE_LOOP_ANALYSIS = YES;
				CLANG_WARN_STRICT_PROTOTYPES = YES;
				CLANG_WARN_SUSPICIOUS_MOVE = YES;
				CLANG_WARN_UNGUARDED_AVAILABILITY = YES_AGGRESSIVE;
				CLANG_WARN_UNREACHABLE_CODE = YES;
				CLANG_WARN__DUPLICATE_METHOD_MATCH = YES;
				COPY_PHASE_STRIP = NO;
				DEBUG_INFORMATION_FORMAT = dwarf;
				ENABLE_STRICT_OBJC_MSGSEND = YES;
				ENABLE_TESTABILITY = YES;
				GCC_C_LANGUAGE_STANDARD = gnu11;
				GCC_DYNAMIC_NO_PIC = NO;
				GCC_NO_COMMON_BLOCKS = YES;
				GCC_OPTIMIZATION_LEVEL = 0;
				GCC_PREPROCESSOR_DEFINITIONS = (
					"DEBUG=1",
					"$(inherited)",
				);
				GCC_WARN_64_TO_32_BIT_CONVERSION = YES;
				GCC_WARN_ABOUT_RETURN_TYPE = YES_ERROR;
				GCC_WARN_UNDECLARED_SELECTOR = YES;
				GCC_WARN_UNINITIALIZED_AUTOS = YES_AGGRESSIVE;
				GCC_WARN_UNUSED_FUNCTION = YES;
				GCC_WARN_UNUSED_VARIABLE = YES;
				IPHONEOS_DEPLOYMENT_TARGET = 13.2;
				MTL_ENABLE_DEBUG_INFO = INCLUDE_SOURCE;
				MTL_FAST_MATH = YES;
				ONLY_ACTIVE_ARCH = YES;
				SDKROOT = iphoneos;
				SWIFT_ACTIVE_COMPILATION_CONDITIONS = DEBUG;
				SWIFT_OPTIMIZATION_LEVEL = "-Onone";
			};
			name = Debug;
		};
		55321CD42803EDA700631023 /* Release */ = {
			isa = XCBuildConfiguration;
			buildSettings = {
				ALWAYS_SEARCH_USER_PATHS = NO;
				CLANG_ANALYZER_NONNULL = YES;
				CLANG_ANALYZER_NUMBER_OBJECT_CONVERSION = YES_AGGRESSIVE;
				CLANG_CXX_LANGUAGE_STANDARD = "gnu++14";
				CLANG_CXX_LIBRARY = "libc++";
				CLANG_ENABLE_MODULES = YES;
				CLANG_ENABLE_OBJC_ARC = YES;
				CLANG_ENABLE_OBJC_WEAK = YES;
				CLANG_WARN_BLOCK_CAPTURE_AUTORELEASING = YES;
				CLANG_WARN_BOOL_CONVERSION = YES;
				CLANG_WARN_COMMA = YES;
				CLANG_WARN_CONSTANT_CONVERSION = YES;
				CLANG_WARN_DEPRECATED_OBJC_IMPLEMENTATIONS = YES;
				CLANG_WARN_DIRECT_OBJC_ISA_USAGE = YES_ERROR;
				CLANG_WARN_DOCUMENTATION_COMMENTS = YES;
				CLANG_WARN_EMPTY_BODY = YES;
				CLANG_WARN_ENUM_CONVERSION = YES;
				CLANG_WARN_INFINITE_RECURSION = YES;
				CLANG_WARN_INT_CONVERSION = YES;
				CLANG_WARN_NON_LITERAL_NULL_CONVERSION = YES;
				CLANG_WARN_OBJC_IMPLICIT_RETAIN_SELF = YES;
				CLANG_WARN_OBJC_LITERAL_CONVERSION = YES;
				CLANG_WARN_OBJC_ROOT_CLASS = YES_ERROR;
				CLANG_WARN_RANGE_LOOP_ANALYSIS = YES;
				CLANG_WARN_STRICT_PROTOTYPES = YES;
				CLANG_WARN_SUSPICIOUS_MOVE = YES;
				CLANG_WARN_UNGUARDED_AVAILABILITY = YES_AGGRESSIVE;
				CLANG_WARN_UNREACHABLE_CODE = YES;
				CLANG_WARN__DUPLICATE_METHOD_MATCH = YES;
				COPY_PHASE_STRIP = NO;
				DEBUG_INFORMATION_FORMAT = "dwarf-with-dsym";
				ENABLE_NS_ASSERTIONS = NO;
				ENABLE_STRICT_OBJC_MSGSEND = YES;
				GCC_C_LANGUAGE_STANDARD = gnu11;
				GCC_NO_COMMON_BLOCKS = YES;
				GCC_WARN_64_TO_32_BIT_CONVERSION = YES;
				GCC_WARN_ABOUT_RETURN_TYPE = YES_ERROR;
				GCC_WARN_UNDECLARED_SELECTOR = YES;
				GCC_WARN_UNINITIALIZED_AUTOS = YES_AGGRESSIVE;
				GCC_WARN_UNUSED_FUNCTION = YES;
				GCC_WARN_UNUSED_VARIABLE = YES;
				IPHONEOS_DEPLOYMENT_TARGET = 13.2;
				MTL_ENABLE_DEBUG_INFO = NO;
				MTL_FAST_MATH = YES;
				SDKROOT = iphoneos;
				SWIFT_COMPILATION_MODE = wholemodule;
				SWIFT_OPTIMIZATION_LEVEL = "-O";
				VALIDATE_PRODUCT = YES;
			};
			name = Release;
		};
		55321CD62803EDA700631023 /* Debug */ = {
			isa = XCBuildConfiguration;
			buildSettings = {
				ASSETCATALOG_COMPILER_APPICON_NAME = AppIcon;
				CODE_SIGN_STYLE = Automatic;
				DEVELOPMENT_TEAM = F4A52GAS4S;
				INFOPLIST_FILE = tableView/Info.plist;
				LD_RUNPATH_SEARCH_PATHS = (
					"$(inherited)",
					"@executable_path/Frameworks",
				);
				PRODUCT_BUNDLE_IDENTIFIER = com.abhishek.tableView;
				PRODUCT_NAME = "$(TARGET_NAME)";
				SWIFT_VERSION = 5.0;
				TARGETED_DEVICE_FAMILY = "1,2";
			};
			name = Debug;
		};
		55321CD72803EDA700631023 /* Release */ = {
			isa = XCBuildConfiguration;
			buildSettings = {
				ASSETCATALOG_COMPILER_APPICON_NAME = AppIcon;
				CODE_SIGN_STYLE = Automatic;
				DEVELOPMENT_TEAM = F4A52GAS4S;
				INFOPLIST_FILE = tableView/Info.plist;
				LD_RUNPATH_SEARCH_PATHS = (
					"$(inherited)",
					"@executable_path/Frameworks",
				);
				PRODUCT_BUNDLE_IDENTIFIER = com.abhishek.tableView;
				PRODUCT_NAME = "$(TARGET_NAME)";
				SWIFT_VERSION = 5.0;
				TARGETED_DEVICE_FAMILY = "1,2";
			};
			name = Release;
		};
		55321CD92803EDA700631023 /* Debug */ = {
			isa = XCBuildConfiguration;
			buildSettings = {
				ALWAYS_EMBED_SWIFT_STANDARD_LIBRARIES = YES;
				BUNDLE_LOADER = "$(TEST_HOST)";
				CODE_SIGN_STYLE = Automatic;
				DEVELOPMENT_TEAM = F4A52GAS4S;
				INFOPLIST_FILE = tableViewTests/Info.plist;
				IPHONEOS_DEPLOYMENT_TARGET = 13.2;
				LD_RUNPATH_SEARCH_PATHS = (
					"$(inherited)",
					"@executable_path/Frameworks",
					"@loader_path/Frameworks",
				);
				PRODUCT_BUNDLE_IDENTIFIER = com.abhishek.tableViewTests;
				PRODUCT_NAME = "$(TARGET_NAME)";
				SWIFT_VERSION = 5.0;
				TARGETED_DEVICE_FAMILY = "1,2";
				TEST_HOST = "$(BUILT_PRODUCTS_DIR)/tableView.app/tableView";
			};
			name = Debug;
		};
		55321CDA2803EDA700631023 /* Release */ = {
			isa = XCBuildConfiguration;
			buildSettings = {
				ALWAYS_EMBED_SWIFT_STANDARD_LIBRARIES = YES;
				BUNDLE_LOADER = "$(TEST_HOST)";
				CODE_SIGN_STYLE = Automatic;
				DEVELOPMENT_TEAM = F4A52GAS4S;
				INFOPLIST_FILE = tableViewTests/Info.plist;
				IPHONEOS_DEPLOYMENT_TARGET = 13.2;
				LD_RUNPATH_SEARCH_PATHS = (
					"$(inherited)",
					"@executable_path/Frameworks",
					"@loader_path/Frameworks",
				);
				PRODUCT_BUNDLE_IDENTIFIER = com.abhishek.tableViewTests;
				PRODUCT_NAME = "$(TARGET_NAME)";
				SWIFT_VERSION = 5.0;
				TARGETED_DEVICE_FAMILY = "1,2";
				TEST_HOST = "$(BUILT_PRODUCTS_DIR)/tableView.app/tableView";
			};
			name = Release;
		};
		55321CDC2803EDA700631023 /* Debug */ = {
			isa = XCBuildConfiguration;
			buildSettings = {
				ALWAYS_EMBED_SWIFT_STANDARD_LIBRARIES = YES;
				CODE_SIGN_STYLE = Automatic;
				DEVELOPMENT_TEAM = F4A52GAS4S;
				INFOPLIST_FILE = tableViewUITests/Info.plist;
				LD_RUNPATH_SEARCH_PATHS = (
					"$(inherited)",
					"@executable_path/Frameworks",
					"@loader_path/Frameworks",
				);
				PRODUCT_BUNDLE_IDENTIFIER = com.abhishek.tableViewUITests;
				PRODUCT_NAME = "$(TARGET_NAME)";
				SWIFT_VERSION = 5.0;
				TARGETED_DEVICE_FAMILY = "1,2";
				TEST_TARGET_NAME = tableView;
			};
			name = Debug;
		};
		55321CDD2803EDA700631023 /* Release */ = {
			isa = XCBuildConfiguration;
			buildSettings = {
				ALWAYS_EMBED_SWIFT_STANDARD_LIBRARIES = YES;
				CODE_SIGN_STYLE = Automatic;
				DEVELOPMENT_TEAM = F4A52GAS4S;
				INFOPLIST_FILE = tableViewUITests/Info.plist;
				LD_RUNPATH_SEARCH_PATHS = (
					"$(inherited)",
					"@executable_path/Frameworks",
					"@loader_path/Frameworks",
				);
				PRODUCT_BUNDLE_IDENTIFIER = com.abhishek.tableViewUITests;
				PRODUCT_NAME = "$(TARGET_NAME)";
				SWIFT_VERSION = 5.0;
				TARGETED_DEVICE_FAMILY = "1,2";
				TEST_TARGET_NAME = tableView;
			};
			name = Release;
		};
/* End XCBuildConfiguration section */

/* Begin XCConfigurationList section */
		55321CA62803EDA600631023 /* Build configuration list for PBXProject "tableView" */ = {
			isa = XCConfigurationList;
			buildConfigurations = (
				55321CD32803EDA700631023 /* Debug */,
				55321CD42803EDA700631023 /* Release */,
			);
			defaultConfigurationIsVisible = 0;
			defaultConfigurationName = Release;
		};
		55321CD52803EDA700631023 /* Build configuration list for PBXNativeTarget "tableView" */ = {
			isa = XCConfigurationList;
			buildConfigurations = (
				55321CD62803EDA700631023 /* Debug */,
				55321CD72803EDA700631023 /* Release */,
			);
			defaultConfigurationIsVisible = 0;
			defaultConfigurationName = Release;
		};
		55321CD82803EDA700631023 /* Build configuration list for PBXNativeTarget "tableViewTests" */ = {
			isa = XCConfigurationList;
			buildConfigurations = (
				55321CD92803EDA700631023 /* Debug */,
				55321CDA2803EDA700631023 /* Release */,
			);
			defaultConfigurationIsVisible = 0;
			defaultConfigurationName = Release;
		};
		55321CDB2803EDA700631023 /* Build configuration list for PBXNativeTarget "tableViewUITests" */ = {
			isa = XCConfigurationList;
			buildConfigurations = (
				55321CDC2803EDA700631023 /* Debug */,
				55321CDD2803EDA700631023 /* Release */,
			);
			defaultConfigurationIsVisible = 0;
			defaultConfigurationName = Release;
		};
/* End XCConfigurationList section */
	};
	rootObject = 55321CA32803EDA600631023 /* Project object */;
}
